
Microsoft Visual Studio Solution File, Format Version 12.00
# Visual Studio Version 17
VisualStudioVersion = 17.10.35013.160
MinimumVisualStudioVersion = 10.0.40219.1
Project("{FAE04EC0-301F-11D3-BF4B-00C04F79EFBC}") = "seesion1oop", "seesion1oop\seesion1oop.csproj", "{8ED75EAD-F058-4EC7-8088-E6E6C61C63DD}"
EndProject
Global
	GlobalSection(SolutionConfigurationPlatforms) = preSolution
		Debug|Any CPU = Debug|Any CPU
		Release|Any CPU = Release|Any CPU
	EndGlobalSection
	GlobalSection(ProjectConfigurationPlatforms) = postSolution
		{8ED75EAD-F058-4EC7-8088-E6E6C61C63DD}.Debug|Any CPU.ActiveCfg = Debug|Any CPU
		{8ED75EAD-F058-4EC7-8088-E6E6C61C63DD}.Debug|Any CPU.Build.0 = Debug|Any CPU
		{8ED75EAD-F058-4EC7-8088-E6E6C61C63DD}.Release|Any CPU.ActiveCfg = Release|Any CPU
		{8ED75EAD-F058-4EC7-8088-E6E6C61C63DD}.Release|Any CPU.Build.0 = Release|Any CPU
	EndGlobalSection
	GlobalSection(SolutionProperties) = preSolution
		HideSolutionNode = FALSE
	EndGlobalSection
	GlobalSection(ExtensibilityGlobals) = postSolution
		SolutionGuid = {813E2801-EDD6-4D74-A6D7-D7B9D6770AE6}
	EndGlobalSection
EndGlobal
